
Microsoft Visual Studio Solution File, Format Version 12.00
# Visual Studio 15
Project("{FAE04EC0-301F-11D3-BF4B-00C04F79EFBC}") = "Elastic.EasyMap", "Elastic.EasyMap\Elastic.EasyMap.csproj", "{1F51A560-8145-47B4-BBEB-9245DDDEDFB4}"
EndProject
Global
	GlobalSection(SolutionConfigurationPlatforms) = preSolution
		Debug|Any CPU = Debug|Any CPU
		Release|Any CPU = Release|Any CPU
	EndGlobalSection
	GlobalSection(ProjectConfigurationPlatforms) = postSolution
		{1F51A560-8145-47B4-BBEB-9245DDDEDFB4}.Debug|Any CPU.ActiveCfg = Debug|Any CPU
		{1F51A560-8145-47B4-BBEB-9245DDDEDFB4}.Debug|Any CPU.Build.0 = Debug|Any CPU
		{1F51A560-8145-47B4-BBEB-9245DDDEDFB4}.Release|Any CPU.ActiveCfg = Release|Any CPU
		{1F51A560-8145-47B4-BBEB-9245DDDEDFB4}.Release|Any CPU.Build.0 = Release|Any CPU
	EndGlobalSection
EndGlobal
